
Microsoft Visual Studio Solution File, Format Version 12.00
# Visual Studio Version 17
VisualStudioVersion = 17.8.34322.80
MinimumVisualStudioVersion = 10.0.40219.1
Project("{FAE04EC0-301F-11D3-BF4B-00C04F79EFBC}") = "DesafioCodeFirst", "DesafioCodeFirst\DesafioCodeFirst.csproj", "{777D614C-0587-44D5-819A-D03B3F6AA2FA}"
EndProject
Global
	GlobalSection(SolutionConfigurationPlatforms) = preSolution
		Debug|Any CPU = Debug|Any CPU
		Release|Any CPU = Release|Any CPU
	EndGlobalSection
	GlobalSection(ProjectConfigurationPlatforms) = postSolution
		{777D614C-0587-44D5-819A-D03B3F6AA2FA}.Debug|Any CPU.ActiveCfg = Debug|Any CPU
		{777D614C-0587-44D5-819A-D03B3F6AA2FA}.Debug|Any CPU.Build.0 = Debug|Any CPU
		{777D614C-0587-44D5-819A-D03B3F6AA2FA}.Release|Any CPU.ActiveCfg = Release|Any CPU
		{777D614C-0587-44D5-819A-D03B3F6AA2FA}.Release|Any CPU.Build.0 = Release|Any CPU
	EndGlobalSection
	GlobalSection(SolutionProperties) = preSolution
		HideSolutionNode = FALSE
	EndGlobalSection
	GlobalSection(ExtensibilityGlobals) = postSolution
		SolutionGuid = {96CABE1B-3E96-4B5C-8C7B-961074152E46}
	EndGlobalSection
EndGlobal
