
Microsoft Visual Studio Solution File, Format Version 12.00
# Visual Studio Version 17
VisualStudioVersion = 17.8.34322.80
MinimumVisualStudioVersion = 10.0.40219.1
Project("{FAE04EC0-301F-11D3-BF4B-00C04F79EFBC}") = "DesafioJogoVelha", "DesafioJogoVelha\DesafioJogoVelha.csproj", "{6383344A-EF69-479D-B308-FCE1CFB74B2E}"
EndProject
Global
	GlobalSection(SolutionConfigurationPlatforms) = preSolution
		Debug|Any CPU = Debug|Any CPU
		Release|Any CPU = Release|Any CPU
	EndGlobalSection
	GlobalSection(ProjectConfigurationPlatforms) = postSolution
		{6383344A-EF69-479D-B308-FCE1CFB74B2E}.Debug|Any CPU.ActiveCfg = Debug|Any CPU
		{6383344A-EF69-479D-B308-FCE1CFB74B2E}.Debug|Any CPU.Build.0 = Debug|Any CPU
		{6383344A-EF69-479D-B308-FCE1CFB74B2E}.Release|Any CPU.ActiveCfg = Release|Any CPU
		{6383344A-EF69-479D-B308-FCE1CFB74B2E}.Release|Any CPU.Build.0 = Release|Any CPU
	EndGlobalSection
	GlobalSection(SolutionProperties) = preSolution
		HideSolutionNode = FALSE
	EndGlobalSection
	GlobalSection(ExtensibilityGlobals) = postSolution
		SolutionGuid = {0B88F66F-8C63-4B9E-B87C-6277268B2D4E}
	EndGlobalSection
EndGloba
